// !$*UTF8*$!
{
	archiveVersion = 1;
	classes = {
	};
	objectVersion = 46;
	objects = {

/* Begin PBXBuildFile section */
		DCE071A919CEBA61000A0722 /* AppDelegate.swift in Sources */ = {isa = PBXBuildFile; fileRef = DCE071A819CEBA61000A0722 /* AppDelegate.swift */; };
		DCE071AB19CEBA61000A0722 /* FirstViewController.swift in Sources */ = {isa = PBXBuildFile; fileRef = DCE071AA19CEBA61000A0722 /* FirstViewController.swift */; };
		DCE071AD19CEBA61000A0722 /* SecondViewController.swift in Sources */ = {isa = PBXBuildFile; fileRef = DCE071AC19CEBA61000A0722 /* SecondViewController.swift */; };
		DCE071B019CEBA61000A0722 /* Main.storyboard in Resources */ = {isa = PBXBuildFile; fileRef = DCE071AE19CEBA61000A0722 /* Main.storyboard */; };
		DCE071B219CEBA62000A0722 /* Images.xcassets in Resources */ = {isa = PBXBuildFile; fileRef = DCE071B119CEBA62000A0722 /* Images.xcassets */; };
		DCE071B519CEBA62000A0722 /* LaunchScreen.xib in Resources */ = {isa = PBXBuildFile; fileRef = DCE071B319CEBA62000A0722 /* LaunchScreen.xib */; };
		DCE071C119CEBA62000A0722 /* toothlessTests.swift in Sources */ = {isa = PBXBuildFile; fileRef = DCE071C019CEBA62000A0722 /* toothlessTests.swift */; };
/* End PBXBuildFile section */

/* Begin PBXContainerItemProxy section */
		DCE071BB19CEBA62000A0722 /* PBXContainerItemProxy */ = {
			isa = PBXContainerItemProxy;
			containerPortal = DCE0719B19CEBA61000A0722 /* Project object */;
			proxyType = 1;
			remoteGlobalIDString = DCE071A219CEBA61000A0722;
			remoteInfo = toothless;
		};
/* End PBXContainerItemProxy section */

/* Begin PBXFileReference section */
		DCE071A319CEBA61000A0722 /* toothless.app */ = {isa = PBXFileReference; explicitFileType = wrapper.application; includeInIndex = 0; path = toothless.app; sourceTree = BUILT_PRODUCTS_DIR; };
		DCE071A719CEBA61000A0722 /* Info.plist */ = {isa = PBXFileReference; lastKnownFileType = text.plist.xml; path = Info.plist; sourceTree = "<group>"; };
		DCE071A819CEBA61000A0722 /* AppDelegate.swift */ = {isa = PBXFileReference; lastKnownFileType = sourcecode.swift; path = AppDelegate.swift; sourceTree = "<group>"; };
		DCE071AA19CEBA61000A0722 /* FirstViewController.swift */ = {isa = PBXFileReference; lastKnownFileType = sourcecode.swift; path = FirstViewController.swift; sourceTree = "<group>"; };
		DCE071AC19CEBA61000A0722 /* SecondViewController.swift */ = {isa = PBXFileReference; lastKnownFileType = sourcecode.swift; path = SecondViewController.swift; sourceTree = "<group>"; };
		DCE071AF19CEBA61000A0722 /* Base */ = {isa = PBXFileReference; lastKnownFileType = file.storyboard; name = Base; path = Base.lproj/Main.storyboard; sourceTree = "<group>"; };
		DCE071B119CEBA62000A0722 /* Images.xcassets */ = {isa = PBXFileReference; lastKnownFileType = folder.assetcatalog; path = Images.xcassets; sourceTree = "<group>"; };
		DCE071B419CEBA62000A0722 /* Base */ = {isa = PBXFileReference; lastKnownFileType = file.xib; name = Base; path = Base.lproj/LaunchScreen.xib; sourceTree = "<group>"; };
		DCE071BA19CEBA62000A0722 /* toothlessTests.xctest */ = {isa = PBXFileReference; explicitFileType = wrapper.cfbundle; includeInIndex = 0; path = toothlessTests.xctest; sourceTree = BUILT_PRODUCTS_DIR; };
		DCE071BF19CEBA62000A0722 /* Info.plist */ = {isa = PBXFileReference; lastKnownFileType = text.plist.xml; path = Info.plist; sourceTree = "<group>"; };
		DCE071C019CEBA62000A0722 /* toothlessTests.swift */ = {isa = PBXFileReference; lastKnownFileType = sourcecode.swift; path = toothlessTests.swift; sourceTree = "<group>"; };
/* End PBXFileReference section */

/* Begin PBXFrameworksBuildPhase section */
		DCE071A019CEBA61000A0722 /* Frameworks */ = {
			isa = PBXFrameworksBuildPhase;
			buildActionMask = 2147483647;
			files = (
			);
			runOnlyForDeploymentPostprocessing = 0;
		};
		DCE071B719CEBA62000A0722 /* Frameworks */ = {
			isa = PBXFrameworksBuildPhase;
			buildActionMask = 2147483647;
			files = (
			);
			runOnlyForDeploymentPostprocessing = 0;
		};
/* End PBXFrameworksBuildPhase section */

/* Begin PBXGroup section */
		DCE0719A19CEBA60000A0722 = {
			isa = PBXGroup;
			children = (
				DCE071A519CEBA61000A0722 /* toothless */,
				DCE071BD19CEBA62000A0722 /* toothlessTests */,
				DCE071A419CEBA61000A0722 /* Products */,
			);
			sourceTree = "<group>";
		};
		DCE071A419CEBA61000A0722 /* Products */ = {
			isa = PBXGroup;
			children = (
				DCE071A319CEBA61000A0722 /* toothless.app */,
				DCE071BA19CEBA62000A0722 /* toothlessTests.xctest */,
			);
			name = Products;
			sourceTree = "<group>";
		};
		DCE071A519CEBA61000A0722 /* toothless */ = {
			isa = PBXGroup;
			children = (
				DCE071A819CEBA61000A0722 /* AppDelegate.swift */,
				DCE071AA19CEBA61000A0722 /* FirstViewController.swift */,
				DCE071AC19CEBA61000A0722 /* SecondViewController.swift */,
				DCE071AE19CEBA61000A0722 /* Main.storyboard */,
				DCE071B119CEBA62000A0722 /* Images.xcassets */,
				DCE071B319CEBA62000A0722 /* LaunchScreen.xib */,
				DCE071A619CEBA61000A0722 /* Supporting Files */,
			);
			path = toothless;
			sourceTree = "<group>";
		};
		DCE071A619CEBA61000A0722 /* Supporting Files */ = {
			isa = PBXGroup;
			children = (
				DCE071A719CEBA61000A0722 /* Info.plist */,
			);
			name = "Supporting Files";
			sourceTree = "<group>";
		};
		DCE071BD19CEBA62000A0722 /* toothlessTests */ = {
			isa = PBXGroup;
			children = (
				DCE071C019CEBA62000A0722 /* toothlessTests.swift */,
				DCE071BE19CEBA62000A0722 /* Supporting Files */,
			);
			path = toothlessTests;
			sourceTree = "<group>";
		};
		DCE071BE19CEBA62000A0722 /* Supporting Files */ = {
			isa = PBXGroup;
			children = (
				DCE071BF19CEBA62000A0722 /* Info.plist */,
			);
			name = "Supporting Files";
			sourceTree = "<group>";
		};
/* End PBXGroup section */

/* Begin PBXNativeTarget section */
		DCE071A219CEBA61000A0722 /* toothless */ = {
			isa = PBXNativeTarget;
			buildConfigurationList = DCE071C419CEBA62000A0722 /* Build configuration list for PBXNativeTarget "toothless" */;
			buildPhases = (
				DCE0719F19CEBA61000A0722 /* Sources */,
				DCE071A019CEBA61000A0722 /* Frameworks */,
				DCE071A119CEBA61000A0722 /* Resources */,
			);
			buildRules = (
			);
			dependencies = (
			);
			name = toothless;
			productName = toothless;
			productReference = DCE071A319CEBA61000A0722 /* toothless.app */;
			productType = "com.apple.product-type.application";
		};
		DCE071B919CEBA62000A0722 /* toothlessTests */ = {
			isa = PBXNativeTarget;
			buildConfigurationList = DCE071C719CEBA62000A0722 /* Build configuration list for PBXNativeTarget "toothlessTests" */;
			buildPhases = (
				DCE071B619CEBA62000A0722 /* Sources */,
				DCE071B719CEBA62000A0722 /* Frameworks */,
				DCE071B819CEBA62000A0722 /* Resources */,
			);
			buildRules = (
			);
			dependencies = (
				DCE071BC19CEBA62000A0722 /* PBXTargetDependency */,
			);
			name = toothlessTests;
			productName = toothlessTests;
			productReference = DCE071BA19CEBA62000A0722 /* toothlessTests.xctest */;
			productType = "com.apple.product-type.bundle.unit-test";
		};
/* End PBXNativeTarget section */

/* Begin PBXProject section */
		DCE0719B19CEBA61000A0722 /* Project object */ = {
			isa = PBXProject;
			attributes = {
				LastUpgradeCheck = 0600;
				ORGANIZATIONNAME = "pearl mason";
				TargetAttributes = {
					DCE071A219CEBA61000A0722 = {
						CreatedOnToolsVersion = 6.0.1;
					};
					DCE071B919CEBA62000A0722 = {
						CreatedOnToolsVersion = 6.0.1;
						TestTargetID = DCE071A219CEBA61000A0722;
					};
				};
			};
			buildConfigurationList = DCE0719E19CEBA61000A0722 /* Build configuration list for PBXProject "toothless" */;
			compatibilityVersion = "Xcode 3.2";
			developmentRegion = English;
			hasScannedForEncodings = 0;
			knownRegions = (
				en,
				Base,
			);
			mainGroup = DCE0719A19CEBA60000A0722;
			productRefGroup = DCE071A419CEBA61000A0722 /* Products */;
			projectDirPath = "";
			projectRoot = "";
			targets = (
				DCE071A219CEBA61000A0722 /* toothless */,
				DCE071B919CEBA62000A0722 /* toothlessTests */,
			);
		};
/* End PBXProject section */

/* Begin PBXResourcesBuildPhase section */
		DCE071A119CEBA61000A0722 /* Resources */ = {
			isa = PBXResourcesBuildPhase;
			buildActionMask = 2147483647;
			files = (
				DCE071B019CEBA61000A0722 /* Main.storyboard in Resources */,
				DCE071B519CEBA62000A0722 /* LaunchScreen.xib in Resources */,
				DCE071B219CEBA62000A0722 /* Images.xcassets in Resources */,
			);
			runOnlyForDeploymentPostprocessing = 0;
		};
		DCE071B819CEBA62000A0722 /* Resources */ = {
			isa = PBXResourcesBuildPhase;
			buildActionMask = 2147483647;
			files = (
			);
			runOnlyForDeploymentPostprocessing = 0;
		};
/* End PBXResourcesBuildPhase section */

/* Begin PBXSourcesBuildPhase section */
		DCE0719F19CEBA61000A0722 /* Sources */ = {
			isa = PBXSourcesBuildPhase;
			buildActionMask = 2147483647;
			files = (
				DCE071AD19CEBA61000A0722 /* SecondViewController.swift in Sources */,
				DCE071A919CEBA61000A0722 /* AppDelegate.swift in Sources */,
				DCE071AB19CEBA61000A0722 /* FirstViewController.swift in Sources */,
			);
			runOnlyForDeploymentPostprocessing = 0;
		};
		DCE071B619CEBA62000A0722 /* Sources */ = {
			isa = PBXSourcesBuildPhase;
			buildActionMask = 2147483647;
			files = (
				DCE071C119CEBA62000A0722 /* toothlessTests.swift in Sources */,
			);
			runOnlyForDeploymentPostprocessing = 0;
		};
/* End PBXSourcesBuildPhase section */

/* Begin PBXTargetDependency section */
		DCE071BC19CEBA62000A0722 /* PBXTargetDependency */ = {
			isa = PBXTargetDependency;
			target = DCE071A219CEBA61000A0722 /* toothless */;
			targetProxy = DCE071BB19CEBA62000A0722 /* PBXContainerItemProxy */;
		};
/* End PBXTargetDependency section */

/* Begin PBXVariantGroup section */
		DCE071AE19CEBA61000A0722 /* Main.storyboard */ = {
			isa = PBXVariantGroup;
			children = (
				DCE071AF19CEBA61000A0722 /* Base */,
			);
			name = Main.storyboard;
			sourceTree = "<group>";
		};
		DCE071B319CEBA62000A0722 /* LaunchScreen.xib */ = {
			isa = PBXVariantGroup;
			children = (
				DCE071B419CEBA62000A0722 /* Base */,
			);
			name = LaunchScreen.xib;
			sourceTree = "<group>";
		};
/* End PBXVariantGroup section */

/* Begin XCBuildConfiguration section */
		DCE071C219CEBA62000A0722 /* Debug */ = {
			isa = XCBuildConfiguration;
			buildSettings = {
				ALWAYS_SEARCH_USER_PATHS = NO;
				CLANG_CXX_LANGUAGE_STANDARD = "gnu++0x";
				CLANG_CXX_LIBRARY = "libc++";
				CLANG_ENABLE_MODULES = YES;
				CLANG_ENABLE_OBJC_ARC = YES;
				CLANG_WARN_BOOL_CONVERSION = YES;
				CLANG_WARN_CONSTANT_CONVERSION = YES;
				CLANG_WARN_DIRECT_OBJC_ISA_USAGE = YES_ERROR;
				CLANG_WARN_EMPTY_BODY = YES;
				CLANG_WARN_ENUM_CONVERSION = YES;
				CLANG_WARN_INT_CONVERSION = YES;
				CLANG_WARN_OBJC_ROOT_CLASS = YES_ERROR;
				CLANG_WARN_UNREACHABLE_CODE = YES;
				CLANG_WARN__DUPLICATE_METHOD_MATCH = YES;
				"CODE_SIGN_IDENTITY[sdk=iphoneos*]" = "iPhone Developer";
				COPY_PHASE_STRIP = NO;
				ENABLE_STRICT_OBJC_MSGSEND = YES;
				GCC_C_LANGUAGE_STANDARD = gnu99;
				GCC_DYNAMIC_NO_PIC = NO;
				GCC_OPTIMIZATION_LEVEL = 0;
				GCC_PREPROCESSOR_DEFINITIONS = (
					"DEBUG=1",
					"$(inherited)",
				);
				GCC_SYMBOLS_PRIVATE_EXTERN = NO;
				GCC_WARN_64_TO_32_BIT_CONVERSION = YES;
				GCC_WARN_ABOUT_RETURN_TYPE = YES_ERROR;
				GCC_WARN_UNDECLARED_SELECTOR = YES;
				GCC_WARN_UNINITIALIZED_AUTOS = YES_AGGRESSIVE;
				GCC_WARN_UNUSED_FUNCTION = YES;
				GCC_WARN_UNUSED_VARIABLE = YES;
				IPHONEOS_DEPLOYMENT_TARGET = 8.0;
				MTL_ENABLE_DEBUG_INFO = YES;
				ONLY_ACTIVE_ARCH = YES;
				SDKROOT = iphoneos;
				SWIFT_OPTIMIZATION_LEVEL = "-Onone";
			};
			name = Debug;
		};
		DCE071C319CEBA62000A0722 /* Release */ = {
			isa = XCBuildConfiguration;
			buildSettings = {
				ALWAYS_SEARCH_USER_PATHS = NO;
				CLANG_CXX_LANGUAGE_STANDARD = "gnu++0x";
				CLANG_CXX_LIBRARY = "libc++";
				CLANG_ENABLE_MODULES = YES;
				CLANG_ENABLE_OBJC_ARC = YES;
				CLANG_WARN_BOOL_CONVERSION = YES;
				CLANG_WARN_CONSTANT_CONVERSION = YES;
				CLANG_WARN_DIRECT_OBJC_ISA_USAGE = YES_ERROR;
				CLANG_WARN_EMPTY_BODY = YES;
				CLANG_WARN_ENUM_CONVERSION = YES;
				CLANG_WARN_INT_CONVERSION = YES;
				CLANG_WARN_OBJC_ROOT_CLASS = YES_ERROR;
				CLANG_WARN_UNREACHABLE_CODE = YES;
				CLANG_WARN__DUPLICATE_METHOD_MATCH = YES;
				"CODE_SIGN_IDENTITY[sdk=iphoneos*]" = "iPhone Developer";
				COPY_PHASE_STRIP = YES;
				ENABLE_NS_ASSERTIONS = NO;
				ENABLE_STRICT_OBJC_MSGSEND = YES;
				GCC_C_LANGUAGE_STANDARD = gnu99;
				GCC_WARN_64_TO_32_BIT_CONVERSION = YES;
				GCC_WARN_ABOUT_RETURN_TYPE = YES_ERROR;
				GCC_WARN_UNDECLARED_SELECTOR = YES;
				GCC_WARN_UNINITIALIZED_AUTOS = YES_AGGRESSIVE;
				GCC_WARN_UNUSED_FUNCTION = YES;
				GCC_WARN_UNUSED_VARIABLE = YES;
				IPHONEOS_DEPLOYMENT_TARGET = 8.0;
				MTL_ENABLE_DEBUG_INFO = NO;
				SDKROOT = iphoneos;
				VALIDATE_PRODUCT = YES;
			};
			name = Release;
		};
		DCE071C519CEBA62000A0722 /* Debug */ = {
			isa = XCBuildConfiguration;
			buildSettings = {
				ASSETCATALOG_COMPILER_APPICON_NAME = AppIcon;
				INFOPLIST_FILE = toothless/Info.plist;
				LD_RUNPATH_SEARCH_PATHS = "$(inherited) @executable_path/Frameworks";
				PRODUCT_NAME = "$(TARGET_NAME)";
			};
			name = Debug;
		};
		DCE071C619CEBA62000A0722 /* Release */ = {
			isa = XCBuildConfiguration;
			buildSettings = {
				ASSETCATALOG_COMPILER_APPICON_NAME = AppIcon;
				INFOPLIST_FILE = toothless/Info.plist;
				LD_RUNPATH_SEARCH_PATHS = "$(inherited) @executable_path/Frameworks";
				PRODUCT_NAME = "$(TARGET_NAME)";
			};
			name = Release;
		};
		DCE071C819CEBA62000A0722 /* Debug */ = {
			isa = XCBuildConfiguration;
			buildSettings = {
				BUNDLE_LOADER = "$(TEST_HOST)";
				FRAMEWORK_SEARCH_PATHS = (
					"$(SDKROOT)/Developer/Library/Frameworks",
					"$(inherited)",
				);
				GCC_PREPROCESSOR_DEFINITIONS = (
					"DEBUG=1",
					"$(inherited)",
				);
				INFOPLIST_FILE = toothlessTests/Info.plist;
				LD_RUNPATH_SEARCH_PATHS = "$(inherited) @executable_path/Frameworks @loader_path/Frameworks";
				PRODUCT_NAME = "$(TARGET_NAME)";
				TEST_HOST = "$(BUILT_PRODUCTS_DIR)/toothless.app/toothless";
			};
			name = Debug;
		};
		DCE071C919CEBA62000A0722 /* Release */ = {
			isa = XCBuildConfiguration;
			buildSettings = {
				BUNDLE_LOADER = "$(TEST_HOST)";
				FRAMEWORK_SEARCH_PATHS = (
					"$(SDKROOT)/Developer/Library/Frameworks",
					"$(inherited)",
				);
				INFOPLIST_FILE = toothlessTests/Info.plist;
				LD_RUNPATH_SEARCH_PATHS = "$(inherited) @executable_path/Frameworks @loader_path/Frameworks";
				PRODUCT_NAME = "$(TARGET_NAME)";
				TEST_HOST = "$(BUILT_PRODUCTS_DIR)/toothless.app/toothless";
			};
			name = Release;
		};
/* End XCBuildConfiguration section */

/* Begin XCConfigurationList section */
		DCE0719E19CEBA61000A0722 /* Build configuration list for PBXProject "toothless" */ = {
			isa = XCConfigurationList;
			buildConfigurations = (
				DCE071C219CEBA62000A0722 /* Debug */,
				DCE071C319CEBA62000A0722 /* Release */,
			);
			defaultConfigurationIsVisible = 0;
			defaultConfigurationName = Release;
		};
		DCE071C419CEBA62000A0722 /* Build configuration list for PBXNativeTarget "toothless" */ = {
			isa = XCConfigurationList;
			buildConfigurations = (
				DCE071C519CEBA62000A0722 /* Debug */,
				DCE071C619CEBA62000A0722 /* Release */,
			);
			defaultConfigurationIsVisible = 0;
		};
		DCE071C719CEBA62000A0722 /* Build configuration list for PBXNativeTarget "toothlessTests" */ = {
			isa = XCConfigurationList;
			buildConfigurations = (
				DCE071C819CEBA62000A0722 /* Debug */,
				DCE071C919CEBA62000A0722 /* Release */,
			);
			defaultConfigurationIsVisible = 0;
		};
/* End XCConfigurationList section */
	};
	rootObject = DCE0719B19CEBA61000A0722 /* Project object */;
}
